
Microsoft Visual Studio Solution File, Format Version 12.00
# Visual Studio Version 16
VisualStudioVersion = 16.0.31911.196
MinimumVisualStudioVersion = 10.0.40219.1
Project("{9A19103F-16F7-4668-BE54-9A1E7A4F7556}") = "blockchainHackathon", "blockchainHackathon\blockchainHackathon.csproj", "{E2FF0271-4B43-4626-9761-C0991C434427}"
EndProject
Project("{FAE04EC0-301F-11D3-BF4B-00C04F79EFBC}") = "DataAccess", "DataAccess\DataAccess.csproj", "{99A1D457-BE45-4991-B235-81E0E6466F77}"
EndProject
Project("{FAE04EC0-301F-11D3-BF4B-00C04F79EFBC}") = "Business", "Business\Business.csproj", "{64FCBA65-3933-4970-B7C5-8BF7DEA28BC4}"
EndProject
Project("{FAE04EC0-301F-11D3-BF4B-00C04F79EFBC}") = "Entities", "Entities\Entities.csproj", "{CC00D1A9-691A-4375-8CC7-D22F670EDE68}"
EndProject
Project("{FAE04EC0-301F-11D3-BF4B-00C04F79EFBC}") = "ConsoleUI", "ConsoleUI\ConsoleUI.csproj", "{F2E3AB60-F14F-45A8-83B4-10CE519FB8C9}"
EndProject
Project("{FAE04EC0-301F-11D3-BF4B-00C04F79EFBC}") = "Core", "Core\Core.csproj", "{616B55A7-B738-4FF8-87A1-7CA4F25F9A52}"
EndProject
Global
	GlobalSection(SolutionConfigurationPlatforms) = preSolution
		Debug|Any CPU = Debug|Any CPU
		Release|Any CPU = Release|Any CPU
	EndGlobalSection
	GlobalSection(ProjectConfigurationPlatforms) = postSolution
		{E2FF0271-4B43-4626-9761-C0991C434427}.Debug|Any CPU.ActiveCfg = Debug|Any CPU
		{E2FF0271-4B43-4626-9761-C0991C434427}.Debug|Any CPU.Build.0 = Debug|Any CPU
		{E2FF0271-4B43-4626-9761-C0991C434427}.Release|Any CPU.ActiveCfg = Release|Any CPU
		{E2FF0271-4B43-4626-9761-C0991C434427}.Release|Any CPU.Build.0 = Release|Any CPU
		{99A1D457-BE45-4991-B235-81E0E6466F77}.Debug|Any CPU.ActiveCfg = Debug|Any CPU
		{99A1D457-BE45-4991-B235-81E0E6466F77}.Debug|Any CPU.Build.0 = Debug|Any CPU
		{99A1D457-BE45-4991-B235-81E0E6466F77}.Release|Any CPU.ActiveCfg = Release|Any CPU
		{99A1D457-BE45-4991-B235-81E0E6466F77}.Release|Any CPU.Build.0 = Release|Any CPU
		{64FCBA65-3933-4970-B7C5-8BF7DEA28BC4}.Debug|Any CPU.ActiveCfg = Debug|Any CPU
		{64FCBA65-3933-4970-B7C5-8BF7DEA28BC4}.Debug|Any CPU.Build.0 = Debug|Any CPU
		{64FCBA65-3933-4970-B7C5-8BF7DEA28BC4}.Release|Any CPU.ActiveCfg = Release|Any CPU
		{64FCBA65-3933-4970-B7C5-8BF7DEA28BC4}.Release|Any CPU.Build.0 = Release|Any CPU
		{CC00D1A9-691A-4375-8CC7-D22F670EDE68}.Debug|Any CPU.ActiveCfg = Debug|Any CPU
		{CC00D1A9-691A-4375-8CC7-D22F670EDE68}.Debug|Any CPU.Build.0 = Debug|Any CPU
		{CC00D1A9-691A-4375-8CC7-D22F670EDE68}.Release|Any CPU.ActiveCfg = Release|Any CPU
		{CC00D1A9-691A-4375-8CC7-D22F670EDE68}.Release|Any CPU.Build.0 = Release|Any CPU
		{F2E3AB60-F14F-45A8-83B4-10CE519FB8C9}.Debug|Any CPU.ActiveCfg = Debug|Any CPU
		{F2E3AB60-F14F-45A8-83B4-10CE519FB8C9}.Debug|Any CPU.Build.0 = Debug|Any CPU
		{F2E3AB60-F14F-45A8-83B4-10CE519FB8C9}.Release|Any CPU.ActiveCfg = Release|Any CPU
		{F2E3AB60-F14F-45A8-83B4-10CE519FB8C9}.Release|Any CPU.Build.0 = Release|Any CPU
		{616B55A7-B738-4FF8-87A1-7CA4F25F9A52}.Debug|Any CPU.ActiveCfg = Debug|Any CPU
		{616B55A7-B738-4FF8-87A1-7CA4F25F9A52}.Debug|Any CPU.Build.0 = Debug|Any CPU
		{616B55A7-B738-4FF8-87A1-7CA4F25F9A52}.Release|Any CPU.ActiveCfg = Release|Any CPU
		{616B55A7-B738-4FF8-87A1-7CA4F25F9A52}.Release|Any CPU.Build.0 = Release|Any CPU
	EndGlobalSection
	GlobalSection(SolutionProperties) = preSolution
		HideSolutionNode = FALSE
	EndGlobalSection
	GlobalSection(ExtensibilityGlobals) = postSolution
		SolutionGuid = {24825269-B631-469D-9E05-C4CCD623BFCF}
	EndGlobalSection
EndGlobal
